{
  "version": 2,
  "dependencies": {
    "net10.0": {
      "Mister.Version": {
        "type": "Direct",
        "requested": "[2.2.0, 2.2.0]",
        "resolved": "2.2.0",
        "contentHash": "fJawAe0mcKaPlZeMTpuVVkd4E53f8sN099IX8gS5A14aGRAj++HrQfRFRZB9X9YVzXGgjaoO/oSPcVZD1+Cp7Q=="
      },
      "dotgnatly.core": {
        "type": "Project"
      },
      "dotgnatly.natives": {
        "type": "Project"
      },
      "dotgnatly.nats": {
        "type": "Project",
        "dependencies": {
          "DotGnatly.Core": "[0.1.0, )",
          "DotGnatly.Natives": "[0.1.0, )"
        }
      }
    }
  }
}