
Microsoft Visual Studio Solution File, Format Version 12.00
# Visual Studio Version 18
VisualStudioVersion = 18.0.11205.157
MinimumVisualStudioVersion = 10.0.40219.1
Project("{2150E333-8FDC-42A3-9474-1A3956D46DE8}") = "src", "src", "{827E0CD3-B72D-47B6-A68D-7590B98EB39B}"
EndProject
Project("{FAE04EC0-301F-11D3-BF4B-00C04F79EFBC}") = "DotGnatly.Core", "src\DotGnatly.Core\DotGnatly.Core.csproj", "{0EA46E11-B5C8-4B60-948F-4B08908E57E5}"
EndProject
Project("{FAE04EC0-301F-11D3-BF4B-00C04F79EFBC}") = "DotGnatly.Nats", "src\DotGnatly.Nats\DotGnatly.Nats.csproj", "{3276603B-1BD1-4D5C-8243-5FE4AA2A2E85}"
EndProject
Project("{FAE04EC0-301F-11D3-BF4B-00C04F79EFBC}") = "DotGnatly.Natives", "src\DotGnatly.Natives\DotGnatly.Natives.csproj", "{2B3C4D5E-6F7A-4B8C-9D0E-1F2A3B4C5D6E}"
EndProject
Project("{FAE04EC0-301F-11D3-BF4B-00C04F79EFBC}") = "DotGnatly.Extensions.JetStream", "src\DotGnatly.Extensions.JetStream\DotGnatly.Extensions.JetStream.csproj", "{2B3C4D5E-6F7A-8B9C-0D1E-2F3A4B5C6D7E}"
EndProject
Project("{2150E333-8FDC-42A3-9474-1A3956D46DE8}") = "@root", "@root", "{05552866-84D1-47CF-8606-96F26BB1ED0B}"
	ProjectSection(SolutionItems) = preProject
		src\Directory.Build.props = src\Directory.Build.props
		src\Directory.Packages.props = src\Directory.Packages.props
		src\mr-version.yml = src\mr-version.yml
		src\TestProject.props = src\TestProject.props
	EndProjectSection
EndProject
Project("{2150E333-8FDC-42A3-9474-1A3956D46DE8}") = "tests", "tests", "{222B71D9-7D41-458D-9F68-D02C65F65F95}"
EndProject
Project("{2150E333-8FDC-42A3-9474-1A3956D46DE8}") = "@root", "@root", "{A07B0EF1-3B9B-4D1D-89C8-C8335D0015F8}"
	ProjectSection(SolutionItems) = preProject
		tests\Directory.Build.props = tests\Directory.Build.props
		tests\Directory.Packages.props = tests\Directory.Packages.props
	EndProjectSection
EndProject
Project("{FAE04EC0-301F-11D3-BF4B-00C04F79EFBC}") = "DotGnatly.Core.Tests", "tests\DotGnatly.Core.Tests\DotGnatly.Core.Tests.csproj", "{EC0B63BB-3DD9-700F-5082-1C876626A0C0}"
EndProject
Project("{FAE04EC0-301F-11D3-BF4B-00C04F79EFBC}") = "DotGnatly.Extensions.JetStream.IntegrationTests", "tests\DotGnatly.Extensions.JetStream.IntegrationTests\DotGnatly.Extensions.JetStream.IntegrationTests.csproj", "{9EFD18C4-3A99-6731-A4F9-3C0DC797B7D0}"
EndProject
Project("{FAE04EC0-301F-11D3-BF4B-00C04F79EFBC}") = "DotGnatly.Extensions.JetStream.Tests", "tests\DotGnatly.Extensions.JetStream.Tests\DotGnatly.Extensions.JetStream.Tests.csproj", "{24F4877C-471C-09F6-EA99-AE98D84969BD}"
EndProject
Project("{FAE04EC0-301F-11D3-BF4B-00C04F79EFBC}") = "DotGnatly.IntegrationTests", "tests\DotGnatly.IntegrationTests\DotGnatly.IntegrationTests.csproj", "{C56AA72C-A781-5887-F489-A35B4F92F81B}"
EndProject
Project("{FAE04EC0-301F-11D3-BF4B-00C04F79EFBC}") = "DotGnatly.Nats.Tests", "tests\DotGnatly.Nats.Tests\DotGnatly.Nats.Tests.csproj", "{594E5D05-5C59-F2A3-A88E-3E6A2BE9C4CC}"
EndProject
Project("{2150E333-8FDC-42A3-9474-1A3956D46DE8}") = "examples", "examples", "{B325C228-7AFA-47E0-A37D-F165E759E5B8}"
EndProject
Project("{FAE04EC0-301F-11D3-BF4B-00C04F79EFBC}") = "DotGnatly.Examples", "examples\DotGnatly.Examples\DotGnatly.Examples.csproj", "{C43E9EA0-AEF3-714B-81D2-AAAE0AB3529A}"
EndProject
Global
	GlobalSection(SolutionConfigurationPlatforms) = preSolution
		Debug|Any CPU = Debug|Any CPU
		Debug|x64 = Debug|x64
		Debug|x86 = Debug|x86
		Release|Any CPU = Release|Any CPU
		Release|x64 = Release|x64
		Release|x86 = Release|x86
	EndGlobalSection
	GlobalSection(ProjectConfigurationPlatforms) = postSolution
		{0EA46E11-B5C8-4B60-948F-4B08908E57E5}.Debug|Any CPU.ActiveCfg = Debug|Any CPU
		{0EA46E11-B5C8-4B60-948F-4B08908E57E5}.Debug|Any CPU.Build.0 = Debug|Any CPU
		{0EA46E11-B5C8-4B60-948F-4B08908E57E5}.Debug|x64.ActiveCfg = Debug|Any CPU
		{0EA46E11-B5C8-4B60-948F-4B08908E57E5}.Debug|x64.Build.0 = Debug|Any CPU
		{0EA46E11-B5C8-4B60-948F-4B08908E57E5}.Debug|x86.ActiveCfg = Debug|Any CPU
		{0EA46E11-B5C8-4B60-948F-4B08908E57E5}.Debug|x86.Build.0 = Debug|Any CPU
		{0EA46E11-B5C8-4B60-948F-4B08908E57E5}.Release|Any CPU.ActiveCfg = Release|Any CPU
		{0EA46E11-B5C8-4B60-948F-4B08908E57E5}.Release|Any CPU.Build.0 = Release|Any CPU
		{0EA46E11-B5C8-4B60-948F-4B08908E57E5}.Release|x64.ActiveCfg = Release|Any CPU
		{0EA46E11-B5C8-4B60-948F-4B08908E57E5}.Release|x64.Build.0 = Release|Any CPU
		{0EA46E11-B5C8-4B60-948F-4B08908E57E5}.Release|x86.ActiveCfg = Release|Any CPU
		{0EA46E11-B5C8-4B60-948F-4B08908E57E5}.Release|x86.Build.0 = Release|Any CPU
		{3276603B-1BD1-4D5C-8243-5FE4AA2A2E85}.Debug|Any CPU.ActiveCfg = Debug|Any CPU
		{3276603B-1BD1-4D5C-8243-5FE4AA2A2E85}.Debug|Any CPU.Build.0 = Debug|Any CPU
		{3276603B-1BD1-4D5C-8243-5FE4AA2A2E85}.Debug|x64.ActiveCfg = Debug|Any CPU
		{3276603B-1BD1-4D5C-8243-5FE4AA2A2E85}.Debug|x64.Build.0 = Debug|Any CPU
		{3276603B-1BD1-4D5C-8243-5FE4AA2A2E85}.Debug|x86.ActiveCfg = Debug|Any CPU
		{3276603B-1BD1-4D5C-8243-5FE4AA2A2E85}.Debug|x86.Build.0 = Debug|Any CPU
		{3276603B-1BD1-4D5C-8243-5FE4AA2A2E85}.Release|Any CPU.ActiveCfg = Release|Any CPU
		{3276603B-1BD1-4D5C-8243-5FE4AA2A2E85}.Release|Any CPU.Build.0 = Release|Any CPU
		{3276603B-1BD1-4D5C-8243-5FE4AA2A2E85}.Release|x64.ActiveCfg = Release|Any CPU
		{3276603B-1BD1-4D5C-8243-5FE4AA2A2E85}.Release|x64.Build.0 = Release|Any CPU
		{3276603B-1BD1-4D5C-8243-5FE4AA2A2E85}.Release|x86.ActiveCfg = Release|Any CPU
		{3276603B-1BD1-4D5C-8243-5FE4AA2A2E85}.Release|x86.Build.0 = Release|Any CPU
		{2B3C4D5E-6F7A-4B8C-9D0E-1F2A3B4C5D6E}.Debug|Any CPU.ActiveCfg = Debug|Any CPU
		{2B3C4D5E-6F7A-4B8C-9D0E-1F2A3B4C5D6E}.Debug|Any CPU.Build.0 = Debug|Any CPU
		{2B3C4D5E-6F7A-4B8C-9D0E-1F2A3B4C5D6E}.Debug|x64.ActiveCfg = Debug|Any CPU
		{2B3C4D5E-6F7A-4B8C-9D0E-1F2A3B4C5D6E}.Debug|x64.Build.0 = Debug|Any CPU
		{2B3C4D5E-6F7A-4B8C-9D0E-1F2A3B4C5D6E}.Debug|x86.ActiveCfg = Debug|Any CPU
		{2B3C4D5E-6F7A-4B8C-9D0E-1F2A3B4C5D6E}.Debug|x86.Build.0 = Debug|Any CPU
		{2B3C4D5E-6F7A-4B8C-9D0E-1F2A3B4C5D6E}.Release|Any CPU.ActiveCfg = Release|Any CPU
		{2B3C4D5E-6F7A-4B8C-9D0E-1F2A3B4C5D6E}.Release|Any CPU.Build.0 = Release|Any CPU
		{2B3C4D5E-6F7A-4B8C-9D0E-1F2A3B4C5D6E}.Release|x64.ActiveCfg = Release|Any CPU
		{2B3C4D5E-6F7A-4B8C-9D0E-1F2A3B4C5D6E}.Release|x64.Build.0 = Release|Any CPU
		{2B3C4D5E-6F7A-4B8C-9D0E-1F2A3B4C5D6E}.Release|x86.ActiveCfg = Release|Any CPU
		{2B3C4D5E-6F7A-4B8C-9D0E-1F2A3B4C5D6E}.Release|x86.Build.0 = Release|Any CPU
		{2B3C4D5E-6F7A-8B9C-0D1E-2F3A4B5C6D7E}.Debug|Any CPU.ActiveCfg = Debug|Any CPU
		{2B3C4D5E-6F7A-8B9C-0D1E-2F3A4B5C6D7E}.Debug|x64.ActiveCfg = Debug|Any CPU
		{2B3C4D5E-6F7A-8B9C-0D1E-2F3A4B5C6D7E}.Debug|x86.ActiveCfg = Debug|Any CPU
		{2B3C4D5E-6F7A-8B9C-0D1E-2F3A4B5C6D7E}.Release|Any CPU.ActiveCfg = Release|Any CPU
		{2B3C4D5E-6F7A-8B9C-0D1E-2F3A4B5C6D7E}.Release|x64.ActiveCfg = Release|Any CPU
		{2B3C4D5E-6F7A-8B9C-0D1E-2F3A4B5C6D7E}.Release|x86.ActiveCfg = Release|Any CPU
		{EC0B63BB-3DD9-700F-5082-1C876626A0C0}.Debug|Any CPU.ActiveCfg = Debug|Any CPU
		{EC0B63BB-3DD9-700F-5082-1C876626A0C0}.Debug|Any CPU.Build.0 = Debug|Any CPU
		{EC0B63BB-3DD9-700F-5082-1C876626A0C0}.Debug|x64.ActiveCfg = Debug|Any CPU
		{EC0B63BB-3DD9-700F-5082-1C876626A0C0}.Debug|x64.Build.0 = Debug|Any CPU
		{EC0B63BB-3DD9-700F-5082-1C876626A0C0}.Debug|x86.ActiveCfg = Debug|Any CPU
		{EC0B63BB-3DD9-700F-5082-1C876626A0C0}.Debug|x86.Build.0 = Debug|Any CPU
		{EC0B63BB-3DD9-700F-5082-1C876626A0C0}.Release|Any CPU.ActiveCfg = Release|Any CPU
		{EC0B63BB-3DD9-700F-5082-1C876626A0C0}.Release|Any CPU.Build.0 = Release|Any CPU
		{EC0B63BB-3DD9-700F-5082-1C876626A0C0}.Release|x64.ActiveCfg = Release|Any CPU
		{EC0B63BB-3DD9-700F-5082-1C876626A0C0}.Release|x64.Build.0 = Release|Any CPU
		{EC0B63BB-3DD9-700F-5082-1C876626A0C0}.Release|x86.ActiveCfg = Release|Any CPU
		{EC0B63BB-3DD9-700F-5082-1C876626A0C0}.Release|x86.Build.0 = Release|Any CPU
		{9EFD18C4-3A99-6731-A4F9-3C0DC797B7D0}.Debug|Any CPU.ActiveCfg = Debug|Any CPU
		{9EFD18C4-3A99-6731-A4F9-3C0DC797B7D0}.Debug|Any CPU.Build.0 = Debug|Any CPU
		{9EFD18C4-3A99-6731-A4F9-3C0DC797B7D0}.Debug|x64.ActiveCfg = Debug|Any CPU
		{9EFD18C4-3A99-6731-A4F9-3C0DC797B7D0}.Debug|x64.Build.0 = Debug|Any CPU
		{9EFD18C4-3A99-6731-A4F9-3C0DC797B7D0}.Debug|x86.ActiveCfg = Debug|Any CPU
		{9EFD18C4-3A99-6731-A4F9-3C0DC797B7D0}.Debug|x86.Build.0 = Debug|Any CPU
		{9EFD18C4-3A99-6731-A4F9-3C0DC797B7D0}.Release|Any CPU.ActiveCfg = Release|Any CPU
		{9EFD18C4-3A99-6731-A4F9-3C0DC797B7D0}.Release|Any CPU.Build.0 = Release|Any CPU
		{9EFD18C4-3A99-6731-A4F9-3C0DC797B7D0}.Release|x64.ActiveCfg = Release|Any CPU
		{9EFD18C4-3A99-6731-A4F9-3C0DC797B7D0}.Release|x64.Build.0 = Release|Any CPU
		{9EFD18C4-3A99-6731-A4F9-3C0DC797B7D0}.Release|x86.ActiveCfg = Release|Any CPU
		{9EFD18C4-3A99-6731-A4F9-3C0DC797B7D0}.Release|x86.Build.0 = Release|Any CPU
		{24F4877C-471C-09F6-EA99-AE98D84969BD}.Debug|Any CPU.ActiveCfg = Debug|Any CPU
		{24F4877C-471C-09F6-EA99-AE98D84969BD}.Debug|Any CPU.Build.0 = Debug|Any CPU
		{24F4877C-471C-09F6-EA99-AE98D84969BD}.Debug|x64.ActiveCfg = Debug|Any CPU
		{24F4877C-471C-09F6-EA99-AE98D84969BD}.Debug|x64.Build.0 = Debug|Any CPU
		{24F4877C-471C-09F6-EA99-AE98D84969BD}.Debug|x86.ActiveCfg = Debug|Any CPU
		{24F4877C-471C-09F6-EA99-AE98D84969BD}.Debug|x86.Build.0 = Debug|Any CPU
		{24F4877C-471C-09F6-EA99-AE98D84969BD}.Release|Any CPU.ActiveCfg = Release|Any CPU
		{24F4877C-471C-09F6-EA99-AE98D84969BD}.Release|Any CPU.Build.0 = Release|Any CPU
		{24F4877C-471C-09F6-EA99-AE98D84969BD}.Release|x64.ActiveCfg = Release|Any CPU
		{24F4877C-471C-09F6-EA99-AE98D84969BD}.Release|x64.Build.0 = Release|Any CPU
		{24F4877C-471C-09F6-EA99-AE98D84969BD}.Release|x86.ActiveCfg = Release|Any CPU
		{24F4877C-471C-09F6-EA99-AE98D84969BD}.Release|x86.Build.0 = Release|Any CPU
		{C56AA72C-A781-5887-F489-A35B4F92F81B}.Debug|Any CPU.ActiveCfg = Debug|Any CPU
		{C56AA72C-A781-5887-F489-A35B4F92F81B}.Debug|Any CPU.Build.0 = Debug|Any CPU
		{C56AA72C-A781-5887-F489-A35B4F92F81B}.Debug|x64.ActiveCfg = Debug|Any CPU
		{C56AA72C-A781-5887-F489-A35B4F92F81B}.Debug|x64.Build.0 = Debug|Any CPU
		{C56AA72C-A781-5887-F489-A35B4F92F81B}.Debug|x86.ActiveCfg = Debug|Any CPU
		{C56AA72C-A781-5887-F489-A35B4F92F81B}.Debug|x86.Build.0 = Debug|Any CPU
		{C56AA72C-A781-5887-F489-A35B4F92F81B}.Release|Any CPU.ActiveCfg = Release|Any CPU
		{C56AA72C-A781-5887-F489-A35B4F92F81B}.Release|Any CPU.Build.0 = Release|Any CPU
		{C56AA72C-A781-5887-F489-A35B4F92F81B}.Release|x64.ActiveCfg = Release|Any CPU
		{C56AA72C-A781-5887-F489-A35B4F92F81B}.Release|x64.Build.0 = Release|Any CPU
		{C56AA72C-A781-5887-F489-A35B4F92F81B}.Release|x86.ActiveCfg = Release|Any CPU
		{C56AA72C-A781-5887-F489-A35B4F92F81B}.Release|x86.Build.0 = Release|Any CPU
		{594E5D05-5C59-F2A3-A88E-3E6A2BE9C4CC}.Debug|Any CPU.ActiveCfg = Debug|Any CPU
		{594E5D05-5C59-F2A3-A88E-3E6A2BE9C4CC}.Debug|Any CPU.Build.0 = Debug|Any CPU
		{594E5D05-5C59-F2A3-A88E-3E6A2BE9C4CC}.Debug|x64.ActiveCfg = Debug|Any CPU
		{594E5D05-5C59-F2A3-A88E-3E6A2BE9C4CC}.Debug|x64.Build.0 = Debug|Any CPU
		{594E5D05-5C59-F2A3-A88E-3E6A2BE9C4CC}.Debug|x86.ActiveCfg = Debug|Any CPU
		{594E5D05-5C59-F2A3-A88E-3E6A2BE9C4CC}.Debug|x86.Build.0 = Debug|Any CPU
		{594E5D05-5C59-F2A3-A88E-3E6A2BE9C4CC}.Release|Any CPU.ActiveCfg = Release|Any CPU
		{594E5D05-5C59-F2A3-A88E-3E6A2BE9C4CC}.Release|Any CPU.Build.0 = Release|Any CPU
		{594E5D05-5C59-F2A3-A88E-3E6A2BE9C4CC}.Release|x64.ActiveCfg = Release|Any CPU
		{594E5D05-5C59-F2A3-A88E-3E6A2BE9C4CC}.Release|x64.Build.0 = Release|Any CPU
		{594E5D05-5C59-F2A3-A88E-3E6A2BE9C4CC}.Release|x86.ActiveCfg = Release|Any CPU
		{594E5D05-5C59-F2A3-A88E-3E6A2BE9C4CC}.Release|x86.Build.0 = Release|Any CPU
		{C43E9EA0-AEF3-714B-81D2-AAAE0AB3529A}.Debug|Any CPU.ActiveCfg = Debug|Any CPU
		{C43E9EA0-AEF3-714B-81D2-AAAE0AB3529A}.Debug|Any CPU.Build.0 = Debug|Any CPU
		{C43E9EA0-AEF3-714B-81D2-AAAE0AB3529A}.Debug|x64.ActiveCfg = Debug|Any CPU
		{C43E9EA0-AEF3-714B-81D2-AAAE0AB3529A}.Debug|x64.Build.0 = Debug|Any CPU
		{C43E9EA0-AEF3-714B-81D2-AAAE0AB3529A}.Debug|x86.ActiveCfg = Debug|Any CPU
		{C43E9EA0-AEF3-714B-81D2-AAAE0AB3529A}.Debug|x86.Build.0 = Debug|Any CPU
		{C43E9EA0-AEF3-714B-81D2-AAAE0AB3529A}.Release|Any CPU.ActiveCfg = Release|Any CPU
		{C43E9EA0-AEF3-714B-81D2-AAAE0AB3529A}.Release|Any CPU.Build.0 = Release|Any CPU
		{C43E9EA0-AEF3-714B-81D2-AAAE0AB3529A}.Release|x64.ActiveCfg = Release|Any CPU
		{C43E9EA0-AEF3-714B-81D2-AAAE0AB3529A}.Release|x64.Build.0 = Release|Any CPU
		{C43E9EA0-AEF3-714B-81D2-AAAE0AB3529A}.Release|x86.ActiveCfg = Release|Any CPU
		{C43E9EA0-AEF3-714B-81D2-AAAE0AB3529A}.Release|x86.Build.0 = Release|Any CPU
	EndGlobalSection
	GlobalSection(SolutionProperties) = preSolution
		HideSolutionNode = FALSE
	EndGlobalSection
	GlobalSection(NestedProjects) = preSolution
		{0EA46E11-B5C8-4B60-948F-4B08908E57E5} = {827E0CD3-B72D-47B6-A68D-7590B98EB39B}
		{3276603B-1BD1-4D5C-8243-5FE4AA2A2E85} = {827E0CD3-B72D-47B6-A68D-7590B98EB39B}
		{2B3C4D5E-6F7A-4B8C-9D0E-1F2A3B4C5D6E} = {827E0CD3-B72D-47B6-A68D-7590B98EB39B}
		{2B3C4D5E-6F7A-8B9C-0D1E-2F3A4B5C6D7E} = {827E0CD3-B72D-47B6-A68D-7590B98EB39B}
		{05552866-84D1-47CF-8606-96F26BB1ED0B} = {827E0CD3-B72D-47B6-A68D-7590B98EB39B}
		{A07B0EF1-3B9B-4D1D-89C8-C8335D0015F8} = {222B71D9-7D41-458D-9F68-D02C65F65F95}
		{EC0B63BB-3DD9-700F-5082-1C876626A0C0} = {222B71D9-7D41-458D-9F68-D02C65F65F95}
		{9EFD18C4-3A99-6731-A4F9-3C0DC797B7D0} = {222B71D9-7D41-458D-9F68-D02C65F65F95}
		{24F4877C-471C-09F6-EA99-AE98D84969BD} = {222B71D9-7D41-458D-9F68-D02C65F65F95}
		{C56AA72C-A781-5887-F489-A35B4F92F81B} = {222B71D9-7D41-458D-9F68-D02C65F65F95}
		{594E5D05-5C59-F2A3-A88E-3E6A2BE9C4CC} = {222B71D9-7D41-458D-9F68-D02C65F65F95}
		{C43E9EA0-AEF3-714B-81D2-AAAE0AB3529A} = {B325C228-7AFA-47E0-A37D-F165E759E5B8}
	EndGlobalSection
	GlobalSection(ExtensibilityGlobals) = postSolution
		SolutionGuid = {38ACB6B2-EA8D-455A-9FCD-DA5C7622D3B3}
	EndGlobalSection
EndGlobal
